// !$*UTF8*$!
{
	archiveVersion = 1;
	classes = {
	};
	objectVersion = 50;
	objects = {

/* Begin PBXBuildFile section */
		DAA55E672612F92200E8CD86 /* AppDelegate.swift in Sources */ = {isa = PBXBuildFile; fileRef = DAA55E662612F92200E8CD86 /* AppDelegate.swift */; };
		DAA55E692612F92200E8CD86 /* SceneDelegate.swift in Sources */ = {isa = PBXBuildFile; fileRef = DAA55E682612F92200E8CD86 /* SceneDelegate.swift */; };
		DAA55E6B2612F92200E8CD86 /* ViewController.swift in Sources */ = {isa = PBXBuildFile; fileRef = DAA55E6A2612F92200E8CD86 /* ViewController.swift */; };
		DAA55E6E2612F92200E8CD86 /* Main.storyboard in Resources */ = {isa = PBXBuildFile; fileRef = DAA55E6C2612F92200E8CD86 /* Main.storyboard */; };
		DAA55E702612F92300E8CD86 /* Assets.xcassets in Resources */ = {isa = PBXBuildFile; fileRef = DAA55E6F2612F92300E8CD86 /* Assets.xcassets */; };
		DAA55E732612F92300E8CD86 /* LaunchScreen.storyboard in Resources */ = {isa = PBXBuildFile; fileRef = DAA55E712612F92300E8CD86 /* LaunchScreen.storyboard */; };
		DAA55E7C2612FC0500E8CD86 /* SecondViewController.swift in Sources */ = {isa = PBXBuildFile; fileRef = DAA55E7B2612FC0500E8CD86 /* SecondViewController.swift */; };
/* End PBXBuildFile section */

/* Begin PBXFileReference section */
		DAA55E632612F92200E8CD86 /* SignUp.app */ = {isa = PBXFileReference; explicitFileType = wrapper.application; includeInIndex = 0; path = SignUp.app; sourceTree = BUILT_PRODUCTS_DIR; };
		DAA55E662612F92200E8CD86 /* AppDelegate.swift */ = {isa = PBXFileReference; lastKnownFileType = sourcecode.swift; path = AppDelegate.swift; sourceTree = "<group>"; };
		DAA55E682612F92200E8CD86 /* SceneDelegate.swift */ = {isa = PBXFileReference; lastKnownFileType = sourcecode.swift; path = SceneDelegate.swift; sourceTree = "<group>"; };
		DAA55E6A2612F92200E8CD86 /* ViewController.swift */ = {isa = PBXFileReference; lastKnownFileType = sourcecode.swift; path = ViewController.swift; sourceTree = "<group>"; };
		DAA55E6D2612F92200E8CD86 /* Base */ = {isa = PBXFileReference; lastKnownFileType = file.storyboard; name = Base; path = Base.lproj/Main.storyboard; sourceTree = "<group>"; };
		DAA55E6F2612F92300E8CD86 /* Assets.xcassets */ = {isa = PBXFileReference; lastKnownFileType = folder.assetcatalog; path = Assets.xcassets; sourceTree = "<group>"; };
		DAA55E722612F92300E8CD86 /* Base */ = {isa = PBXFileReference; lastKnownFileType = file.storyboard; name = Base; path = Base.lproj/LaunchScreen.storyboard; sourceTree = "<group>"; };
		DAA55E742612F92300E8CD86 /* Info.plist */ = {isa = PBXFileReference; lastKnownFileType = text.plist.xml; path = Info.plist; sourceTree = "<group>"; };
		DAA55E7B2612FC0500E8CD86 /* SecondViewController.swift */ = {isa = PBXFileReference; lastKnownFileType = sourcecode.swift; path = SecondViewController.swift; sourceTree = "<group>"; };
/* End PBXFileReference section */

/* Begin PBXFrameworksBuildPhase section */
		DAA55E602612F92200E8CD86 /* Frameworks */ = {
			isa = PBXFrameworksBuildPhase;
			buildActionMask = 2147483647;
			files = (
			);
			runOnlyForDeploymentPostprocessing = 0;
		};
/* End PBXFrameworksBuildPhase section */

/* Begin PBXGroup section */
		DAA55E5A2612F92200E8CD86 = {
			isa = PBXGroup;
			children = (
				DAA55E652612F92200E8CD86 /* SignUp */,
				DAA55E642612F92200E8CD86 /* Products */,
			);
			sourceTree = "<group>";
		};
		DAA55E642612F92200E8CD86 /* Products */ = {
			isa = PBXGroup;
			children = (
				DAA55E632612F92200E8CD86 /* SignUp.app */,
			);
			name = Products;
			sourceTree = "<group>";
		};
		DAA55E652612F92200E8CD86 /* SignUp */ = {
			isa = PBXGroup;
			children = (
				DAA55E7B2612FC0500E8CD86 /* SecondViewController.swift */,
				DAA55E662612F92200E8CD86 /* AppDelegate.swift */,
				DAA55E682612F92200E8CD86 /* SceneDelegate.swift */,
				DAA55E6A2612F92200E8CD86 /* ViewController.swift */,
				DAA55E6C2612F92200E8CD86 /* Main.storyboard */,
				DAA55E6F2612F92300E8CD86 /* Assets.xcassets */,
				DAA55E712612F92300E8CD86 /* LaunchScreen.storyboard */,
				DAA55E742612F92300E8CD86 /* Info.plist */,
			);
			path = SignUp;
			sourceTree = "<group>";
		};
/* End PBXGroup section */

/* Begin PBXNativeTarget section */
		DAA55E622612F92200E8CD86 /* SignUp */ = {
			isa = PBXNativeTarget;
			buildConfigurationList = DAA55E772612F92300E8CD86 /* Build configuration list for PBXNativeTarget "SignUp" */;
			buildPhases = (
				DAA55E5F2612F92200E8CD86 /* Sources */,
				DAA55E602612F92200E8CD86 /* Frameworks */,
				DAA55E612612F92200E8CD86 /* Resources */,
			);
			buildRules = (
			);
			dependencies = (
			);
			name = SignUp;
			productName = SignUp;
			productReference = DAA55E632612F92200E8CD86 /* SignUp.app */;
			productType = "com.apple.product-type.application";
		};
/* End PBXNativeTarget section */

/* Begin PBXProject section */
		DAA55E5B2612F92200E8CD86 /* Project object */ = {
			isa = PBXProject;
			attributes = {
				LastSwiftUpdateCheck = 1240;
				LastUpgradeCheck = 1240;
				TargetAttributes = {
					DAA55E622612F92200E8CD86 = {
						CreatedOnToolsVersion = 12.4;
					};
				};
			};
			buildConfigurationList = DAA55E5E2612F92200E8CD86 /* Build configuration list for PBXProject "SignUp" */;
			compatibilityVersion = "Xcode 9.3";
			developmentRegion = en;
			hasScannedForEncodings = 0;
			knownRegions = (
				en,
				Base,
			);
			mainGroup = DAA55E5A2612F92200E8CD86;
			productRefGroup = DAA55E642612F92200E8CD86 /* Products */;
			projectDirPath = "";
			projectRoot = "";
			targets = (
				DAA55E622612F92200E8CD86 /* SignUp */,
			);
		};
/* End PBXProject section */

/* Begin PBXResourcesBuildPhase section */
		DAA55E612612F92200E8CD86 /* Resources */ = {
			isa = PBXResourcesBuildPhase;
			buildActionMask = 2147483647;
			files = (
				DAA55E732612F92300E8CD86 /* LaunchScreen.storyboard in Resources */,
				DAA55E702612F92300E8CD86 /* Assets.xcassets in Resources */,
				DAA55E6E2612F92200E8CD86 /* Main.storyboard in Resources */,
			);
			runOnlyForDeploymentPostprocessing = 0;
		};
/* End PBXResourcesBuildPhase section */

/* Begin PBXSourcesBuildPhase section */
		DAA55E5F2612F92200E8CD86 /* Sources */ = {
			isa = PBXSourcesBuildPhase;
			buildActionMask = 2147483647;
			files = (
				DAA55E7C2612FC0500E8CD86 /* SecondViewController.swift in Sources */,
				DAA55E6B2612F92200E8CD86 /* ViewController.swift in Sources */,
				DAA55E672612F92200E8CD86 /* AppDelegate.swift in Sources */,
				DAA55E692612F92200E8CD86 /* SceneDelegate.swift in Sources */,
			);
			runOnlyForDeploymentPostprocessing = 0;
		};
/* End PBXSourcesBuildPhase section */

/* Begin PBXVariantGroup section */
		DAA55E6C2612F92200E8CD86 /* Main.storyboard */ = {
			isa = PBXVariantGroup;
			children = (
				DAA55E6D2612F92200E8CD86 /* Base */,
			);
			name = Main.storyboard;
			sourceTree = "<group>";
		};
		DAA55E712612F92300E8CD86 /* LaunchScreen.storyboard */ = {
			isa = PBXVariantGroup;
			children = (
				DAA55E722612F92300E8CD86 /* Base */,
			);
			name = LaunchScreen.storyboard;
			sourceTree = "<group>";
		};
/* End PBXVariantGroup section */

/* Begin XCBuildConfiguration section */
		DAA55E752612F92300E8CD86 /* Debug */ = {
			isa = XCBuildConfiguration;
			buildSettings = {
				ALWAYS_SEARCH_USER_PATHS = NO;
				CLANG_ANALYZER_NONNULL = YES;
				CLANG_ANALYZER_NUMBER_OBJECT_CONVERSION = YES_AGGRESSIVE;
				CLANG_CXX_LANGUAGE_STANDARD = "gnu++14";
				CLANG_CXX_LIBRARY = "libc++";
				CLANG_ENABLE_MODULES = YES;
				CLANG_ENABLE_OBJC_ARC = YES;
				CLANG_ENABLE_OBJC_WEAK = YES;
				CLANG_WARN_BLOCK_CAPTURE_AUTORELEASING = YES;
				CLANG_WARN_BOOL_CONVERSION = YES;
				CLANG_WARN_COMMA = YES;
				CLANG_WARN_CONSTANT_CONVERSION = YES;
				CLANG_WARN_DEPRECATED_OBJC_IMPLEMENTATIONS = YES;
				CLANG_WARN_DIRECT_OBJC_ISA_USAGE = YES_ERROR;
				CLANG_WARN_DOCUMENTATION_COMMENTS = YES;
				CLANG_WARN_EMPTY_BODY = YES;
				CLANG_WARN_ENUM_CONVERSION = YES;
				CLANG_WARN_INFINITE_RECURSION = YES;
				CLANG_WARN_INT_CONVERSION = YES;
				CLANG_WARN_NON_LITERAL_NULL_CONVERSION = YES;
				CLANG_WARN_OBJC_IMPLICIT_RETAIN_SELF = YES;
				CLANG_WARN_OBJC_LITERAL_CONVERSION = YES;
				CLANG_WARN_OBJC_ROOT_CLASS = YES_ERROR;
				CLANG_WARN_QUOTED_INCLUDE_IN_FRAMEWORK_HEADER = YES;
				CLANG_WARN_RANGE_LOOP_ANALYSIS = YES;
				CLANG_WARN_STRICT_PROTOTYPES = YES;
				CLANG_WARN_SUSPICIOUS_MOVE = YES;
				CLANG_WARN_UNGUARDED_AVAILABILITY = YES_AGGRESSIVE;
				CLANG_WARN_UNREACHABLE_CODE = YES;
				CLANG_WARN__DUPLICATE_METHOD_MATCH = YES;
				COPY_PHASE_STRIP = NO;
				DEBUG_INFORMATION_FORMAT = dwarf;
				ENABLE_STRICT_OBJC_MSGSEND = YES;
				ENABLE_TESTABILITY = YES;
				GCC_C_LANGUAGE_STANDARD = gnu11;
				GCC_DYNAMIC_NO_PIC = NO;
				GCC_NO_COMMON_BLOCKS = YES;
				GCC_OPTIMIZATION_LEVEL = 0;
				GCC_PREPROCESSOR_DEFINITIONS = (
					"DEBUG=1",
					"$(inherited)",
				);
				GCC_WARN_64_TO_32_BIT_CONVERSION = YES;
				GCC_WARN_ABOUT_RETURN_TYPE = YES_ERROR;
				GCC_WARN_UNDECLARED_SELECTOR = YES;
				GCC_WARN_UNINITIALIZED_AUTOS = YES_AGGRESSIVE;
				GCC_WARN_UNUSED_FUNCTION = YES;
				GCC_WARN_UNUSED_VARIABLE = YES;
				IPHONEOS_DEPLOYMENT_TARGET = 14.4;
				MTL_ENABLE_DEBUG_INFO = INCLUDE_SOURCE;
				MTL_FAST_MATH = YES;
				ONLY_ACTIVE_ARCH = YES;
				SDKROOT = iphoneos;
				SWIFT_ACTIVE_COMPILATION_CONDITIONS = DEBUG;
				SWIFT_OPTIMIZATION_LEVEL = "-Onone";
			};
			name = Debug;
		};
		DAA55E762612F92300E8CD86 /* Release */ = {
			isa = XCBuildConfiguration;
			buildSettings = {
				ALWAYS_SEARCH_USER_PATHS = NO;
				CLANG_ANALYZER_NONNULL = YES;
				CLANG_ANALYZER_NUMBER_OBJECT_CONVERSION = YES_AGGRESSIVE;
				CLANG_CXX_LANGUAGE_STANDARD = "gnu++14";
				CLANG_CXX_LIBRARY = "libc++";
				CLANG_ENABLE_MODULES = YES;
				CLANG_ENABLE_OBJC_ARC = YES;
				CLANG_ENABLE_OBJC_WEAK = YES;
				CLANG_WARN_BLOCK_CAPTURE_AUTORELEASING = YES;
				CLANG_WARN_BOOL_CONVERSION = YES;
				CLANG_WARN_COMMA = YES;
				CLANG_WARN_CONSTANT_CONVERSION = YES;
				CLANG_WARN_DEPRECATED_OBJC_IMPLEMENTATIONS = YES;
				CLANG_WARN_DIRECT_OBJC_ISA_USAGE = YES_ERROR;
				CLANG_WARN_DOCUMENTATION_COMMENTS = YES;
				CLANG_WARN_EMPTY_BODY = YES;
				CLANG_WARN_ENUM_CONVERSION = YES;
				CLANG_WARN_INFINITE_RECURSION = YES;
				CLANG_WARN_INT_CONVERSION = YES;
				CLANG_WARN_NON_LITERAL_NULL_CONVERSION = YES;
				CLANG_WARN_OBJC_IMPLICIT_RETAIN_SELF = YES;
				CLANG_WARN_OBJC_LITERAL_CONVERSION = YES;
				CLANG_WARN_OBJC_ROOT_CLASS = YES_ERROR;
				CLANG_WARN_QUOTED_INCLUDE_IN_FRAMEWORK_HEADER = YES;
				CLANG_WARN_RANGE_LOOP_ANALYSIS = YES;
				CLANG_WARN_STRICT_PROTOTYPES = YES;
				CLANG_WARN_SUSPICIOUS_MOVE = YES;
				CLANG_WARN_UNGUARDED_AVAILABILITY = YES_AGGRESSIVE;
				CLANG_WARN_UNREACHABLE_CODE = YES;
				CLANG_WARN__DUPLICATE_METHOD_MATCH = YES;
				COPY_PHASE_STRIP = NO;
				DEBUG_INFORMATION_FORMAT = "dwarf-with-dsym";
				ENABLE_NS_ASSERTIONS = NO;
				ENABLE_STRICT_OBJC_MSGSEND = YES;
				GCC_C_LANGUAGE_STANDARD = gnu11;
				GCC_NO_COMMON_BLOCKS = YES;
				GCC_WARN_64_TO_32_BIT_CONVERSION = YES;
				GCC_WARN_ABOUT_RETURN_TYPE = YES_ERROR;
				GCC_WARN_UNDECLARED_SELECTOR = YES;
				GCC_WARN_UNINITIALIZED_AUTOS = YES_AGGRESSIVE;
				GCC_WARN_UNUSED_FUNCTION = YES;
				GCC_WARN_UNUSED_VARIABLE = YES;
				IPHONEOS_DEPLOYMENT_TARGET = 14.4;
				MTL_ENABLE_DEBUG_INFO = NO;
				MTL_FAST_MATH = YES;
				SDKROOT = iphoneos;
				SWIFT_COMPILATION_MODE = wholemodule;
				SWIFT_OPTIMIZATION_LEVEL = "-O";
				VALIDATE_PRODUCT = YES;
			};
			name = Release;
		};
		DAA55E782612F92300E8CD86 /* Debug */ = {
			isa = XCBuildConfiguration;
			buildSettings = {
				ASSETCATALOG_COMPILER_APPICON_NAME = AppIcon;
				ASSETCATALOG_COMPILER_GLOBAL_ACCENT_COLOR_NAME = AccentColor;
				CODE_SIGN_STYLE = Automatic;
				INFOPLIST_FILE = SignUp/Info.plist;
				LD_RUNPATH_SEARCH_PATHS = (
					"$(inherited)",
					"@executable_path/Frameworks",
				);
				PRODUCT_BUNDLE_IDENTIFIER = ajou.minryul.SignUp;
				PRODUCT_NAME = "$(TARGET_NAME)";
				SWIFT_VERSION = 5.0;
				TARGETED_DEVICE_FAMILY = "1,2";
			};
			name = Debug;
		};
		DAA55E792612F92300E8CD86 /* Release */ = {
			isa = XCBuildConfiguration;
			buildSettings = {
				ASSETCATALOG_COMPILER_APPICON_NAME = AppIcon;
				ASSETCATALOG_COMPILER_GLOBAL_ACCENT_COLOR_NAME = AccentColor;
				CODE_SIGN_STYLE = Automatic;
				INFOPLIST_FILE = SignUp/Info.plist;
				LD_RUNPATH_SEARCH_PATHS = (
					"$(inherited)",
					"@executable_path/Frameworks",
				);
				PRODUCT_BUNDLE_IDENTIFIER = ajou.minryul.SignUp;
				PRODUCT_NAME = "$(TARGET_NAME)";
				SWIFT_VERSION = 5.0;
				TARGETED_DEVICE_FAMILY = "1,2";
			};
			name = Release;
		};
/* End XCBuildConfiguration section */

/* Begin XCConfigurationList section */
		DAA55E5E2612F92200E8CD86 /* Build configuration list for PBXProject "SignUp" */ = {
			isa = XCConfigurationList;
			buildConfigurations = (
				DAA55E752612F92300E8CD86 /* Debug */,
				DAA55E762612F92300E8CD86 /* Release */,
			);
			defaultConfigurationIsVisible = 0;
			defaultConfigurationName = Release;
		};
		DAA55E772612F92300E8CD86 /* Build configuration list for PBXNativeTarget "SignUp" */ = {
			isa = XCConfigurationList;
			buildConfigurations = (
				DAA55E782612F92300E8CD86 /* Debug */,
				DAA55E792612F92300E8CD86 /* Release */,
			);
			defaultConfigurationIsVisible = 0;
			defaultConfigurationName = Release;
		};
/* End XCConfigurationList section */
	};
	rootObject = DAA55E5B2612F92200E8CD86 /* Project object */;
}
